
Microsoft Visual Studio Solution File, Format Version 12.00
# Visual Studio Version 17
VisualStudioVersion = 17.0.31903.59
MinimumVisualStudioVersion = 10.0.40219.1
Project("{FAE04EC0-301F-11D3-BF4B-00C04F79EFBC}") = "Caseware.Collaborate", "TokenExchangeApi\Caseware.Collaborate.csproj", "{3FFF8A05-96C0-4A6C-80D5-4462AE18CBA8}"
EndProject
Project("{FAE04EC0-301F-11D3-BF4B-00C04F79EFBC}") = "Caseware.Collaborate.Tests", "TokenExchangeApi.Tests\Caseware.Collaborate.Tests.csproj", "{7C6A686E-7C0C-45DB-AF7A-42F09E3144C9}"
EndProject
Global
	GlobalSection(SolutionConfigurationPlatforms) = preSolution
		Debug|Any CPU = Debug|Any CPU
		Release|Any CPU = Release|Any CPU
	EndGlobalSection
	GlobalSection(ProjectConfigurationPlatforms) = postSolution
		{3FFF8A05-96C0-4A6C-80D5-4462AE18CBA8}.Debug|Any CPU.ActiveCfg = Debug|Any CPU
		{3FFF8A05-96C0-4A6C-80D5-4462AE18CBA8}.Debug|Any CPU.Build.0 = Debug|Any CPU
		{3FFF8A05-96C0-4A6C-80D5-4462AE18CBA8}.Release|Any CPU.ActiveCfg = Release|Any CPU
		{3FFF8A05-96C0-4A6C-80D5-4462AE18CBA8}.Release|Any CPU.Build.0 = Release|Any CPU
		{7C6A686E-7C0C-45DB-AF7A-42F09E3144C9}.Debug|Any CPU.ActiveCfg = Debug|Any CPU
		{7C6A686E-7C0C-45DB-AF7A-42F09E3144C9}.Debug|Any CPU.Build.0 = Debug|Any CPU
		{7C6A686E-7C0C-45DB-AF7A-42F09E3144C9}.Release|Any CPU.ActiveCfg = Release|Any CPU
		{7C6A686E-7C0C-45DB-AF7A-42F09E3144C9}.Release|Any CPU.Build.0 = Release|Any CPU
	EndGlobalSection
	GlobalSection(SolutionProperties) = preSolution
		HideSolutionNode = FALSE
	EndGlobalSection
	GlobalSection(ExtensibilityGlobals) = postSolution
		SolutionGuid = {6167F198-1739-47F8-9D73-2E28EFF7A2C6}
	EndGlobalSection
EndGlobal
